
Microsoft Visual Studio Solution File, Format Version 12.00
# Visual Studio Version 16
VisualStudioVersion = 16.0.31129.286
MinimumVisualStudioVersion = 10.0.40219.1
Project("{FAE04EC0-301F-11D3-BF4B-00C04F79EFBC}") = "ShopKeepExercise", "ShopKeepExercise.csproj", "{AC4CD96C-EA25-45D5-A249-00352B205733}"
EndProject
Global
	GlobalSection(SolutionConfigurationPlatforms) = preSolution
		Debug|Any CPU = Debug|Any CPU
		Release|Any CPU = Release|Any CPU
	EndGlobalSection
	GlobalSection(ProjectConfigurationPlatforms) = postSolution
		{AC4CD96C-EA25-45D5-A249-00352B205733}.Debug|Any CPU.ActiveCfg = Debug|Any CPU
		{AC4CD96C-EA25-45D5-A249-00352B205733}.Debug|Any CPU.Build.0 = Debug|Any CPU
		{AC4CD96C-EA25-45D5-A249-00352B205733}.Release|Any CPU.ActiveCfg = Release|Any CPU
		{AC4CD96C-EA25-45D5-A249-00352B205733}.Release|Any CPU.Build.0 = Release|Any CPU
	EndGlobalSection
	GlobalSection(SolutionProperties) = preSolution
		HideSolutionNode = FALSE
	EndGlobalSection
	GlobalSection(ExtensibilityGlobals) = postSolution
		SolutionGuid = {DD6FD6D6-48E6-4512-904F-CCD2E9C8B87E}
	EndGlobalSection
EndGlobal
