
Microsoft Visual Studio Solution File, Format Version 12.00
# Visual Studio Version 16
VisualStudioVersion = 16.0.31112.23
MinimumVisualStudioVersion = 10.0.40219.1
Project("{FAE04EC0-301F-11D3-BF4B-00C04F79EFBC}") = "StringReplacement", "StringReplacement.csproj", "{AF6CBAEA-CF21-4231-8D3C-26455C5369D2}"
EndProject
Global
	GlobalSection(SolutionConfigurationPlatforms) = preSolution
		Debug|Any CPU = Debug|Any CPU
		Release|Any CPU = Release|Any CPU
	EndGlobalSection
	GlobalSection(ProjectConfigurationPlatforms) = postSolution
		{AF6CBAEA-CF21-4231-8D3C-26455C5369D2}.Debug|Any CPU.ActiveCfg = Debug|Any CPU
		{AF6CBAEA-CF21-4231-8D3C-26455C5369D2}.Debug|Any CPU.Build.0 = Debug|Any CPU
		{AF6CBAEA-CF21-4231-8D3C-26455C5369D2}.Release|Any CPU.ActiveCfg = Release|Any CPU
		{AF6CBAEA-CF21-4231-8D3C-26455C5369D2}.Release|Any CPU.Build.0 = Release|Any CPU
	EndGlobalSection
	GlobalSection(SolutionProperties) = preSolution
		HideSolutionNode = FALSE
	EndGlobalSection
	GlobalSection(ExtensibilityGlobals) = postSolution
		SolutionGuid = {5E34CDEE-AE3A-4377-90FD-7213A94BA570}
	EndGlobalSection
EndGlobal
