
Microsoft Visual Studio Solution File, Format Version 12.00
# Visual Studio Version 16
VisualStudioVersion = 16.0.31112.23
MinimumVisualStudioVersion = 10.0.40219.1
Project("{FAE04EC0-301F-11D3-BF4B-00C04F79EFBC}") = "LoopExercises", "LoopExercises.csproj", "{5B07B8C7-0494-4174-B530-4759B1A64068}"
EndProject
Global
	GlobalSection(SolutionConfigurationPlatforms) = preSolution
		Debug|Any CPU = Debug|Any CPU
		Release|Any CPU = Release|Any CPU
	EndGlobalSection
	GlobalSection(ProjectConfigurationPlatforms) = postSolution
		{5B07B8C7-0494-4174-B530-4759B1A64068}.Debug|Any CPU.ActiveCfg = Debug|Any CPU
		{5B07B8C7-0494-4174-B530-4759B1A64068}.Debug|Any CPU.Build.0 = Debug|Any CPU
		{5B07B8C7-0494-4174-B530-4759B1A64068}.Release|Any CPU.ActiveCfg = Release|Any CPU
		{5B07B8C7-0494-4174-B530-4759B1A64068}.Release|Any CPU.Build.0 = Release|Any CPU
	EndGlobalSection
	GlobalSection(SolutionProperties) = preSolution
		HideSolutionNode = FALSE
	EndGlobalSection
	GlobalSection(ExtensibilityGlobals) = postSolution
		SolutionGuid = {8FF392EF-0145-4C4C-AAD0-37B066D2F7DB}
	EndGlobalSection
EndGlobal
